
Microsoft Visual Studio Solution File, Format Version 12.00
# Visual Studio Version 17
VisualStudioVersion = 17.12.35527.113
MinimumVisualStudioVersion = 10.0.40219.1
Project("{FAE04EC0-301F-11D3-BF4B-00C04F79EFBC}") = "PayrollAutomation", "PayrollAutomation\PayrollAutomation.csproj", "{457FD9A9-797F-465A-B24E-ED195D3FE97B}"
EndProject
Project("{54435603-DBB4-11D2-8724-00A0C9A8B90C}") = "PayrollInstaller", "PayrollInstaller\PayrollInstaller.vdproj", "{1F4BBC08-F9C0-4949-8E7F-7AAD1E1A633A}"
EndProject
Global
	GlobalSection(SolutionConfigurationPlatforms) = preSolution
		Debug|Any CPU = Debug|Any CPU
		Release|Any CPU = Release|Any CPU
	EndGlobalSection
	GlobalSection(ProjectConfigurationPlatforms) = postSolution
		{457FD9A9-797F-465A-B24E-ED195D3FE97B}.Debug|Any CPU.ActiveCfg = Debug|Any CPU
		{457FD9A9-797F-465A-B24E-ED195D3FE97B}.Debug|Any CPU.Build.0 = Debug|Any CPU
		{457FD9A9-797F-465A-B24E-ED195D3FE97B}.Release|Any CPU.ActiveCfg = Release|Any CPU
		{457FD9A9-797F-465A-B24E-ED195D3FE97B}.Release|Any CPU.Build.0 = Release|Any CPU
		{1F4BBC08-F9C0-4949-8E7F-7AAD1E1A633A}.Debug|Any CPU.ActiveCfg = Debug
		{1F4BBC08-F9C0-4949-8E7F-7AAD1E1A633A}.Release|Any CPU.ActiveCfg = Release
	EndGlobalSection
	GlobalSection(SolutionProperties) = preSolution
		HideSolutionNode = FALSE
	EndGlobalSection
EndGlobal
